
Microsoft Visual Studio Solution File, Format Version 12.00
# Visual Studio 15
VisualStudioVersion = 15.0.28307.489
MinimumVisualStudioVersion = 10.0.40219.1
Project("{FAE04EC0-301F-11D3-BF4B-00C04F79EFBC}") = "SegFy.Shared", "SegFy.Shared\SegFy.Shared.csproj", "{CC24AB98-AF72-409B-B41A-82FF8BA9003F}"
EndProject
Project("{FAE04EC0-301F-11D3-BF4B-00C04F79EFBC}") = "Segfy.Domain", "Segfy.Domain\Segfy.Domain.csproj", "{E4166CEA-CF2E-4CF9-A0F0-35F0A67E777E}"
EndProject
Project("{FAE04EC0-301F-11D3-BF4B-00C04F79EFBC}") = "Segfy.Tests", "Segfy.Tests\Segfy.Tests.csproj", "{B2F3B921-7CFD-4AF0-90D9-8F55833EE127}"
EndProject
Global
	GlobalSection(SolutionConfigurationPlatforms) = preSolution
		Debug|Any CPU = Debug|Any CPU
		Release|Any CPU = Release|Any CPU
	EndGlobalSection
	GlobalSection(ProjectConfigurationPlatforms) = postSolution
		{CC24AB98-AF72-409B-B41A-82FF8BA9003F}.Debug|Any CPU.ActiveCfg = Debug|Any CPU
		{CC24AB98-AF72-409B-B41A-82FF8BA9003F}.Debug|Any CPU.Build.0 = Debug|Any CPU
		{CC24AB98-AF72-409B-B41A-82FF8BA9003F}.Release|Any CPU.ActiveCfg = Release|Any CPU
		{CC24AB98-AF72-409B-B41A-82FF8BA9003F}.Release|Any CPU.Build.0 = Release|Any CPU
		{E4166CEA-CF2E-4CF9-A0F0-35F0A67E777E}.Debug|Any CPU.ActiveCfg = Debug|Any CPU
		{E4166CEA-CF2E-4CF9-A0F0-35F0A67E777E}.Debug|Any CPU.Build.0 = Debug|Any CPU
		{E4166CEA-CF2E-4CF9-A0F0-35F0A67E777E}.Release|Any CPU.ActiveCfg = Release|Any CPU
		{E4166CEA-CF2E-4CF9-A0F0-35F0A67E777E}.Release|Any CPU.Build.0 = Release|Any CPU
		{B2F3B921-7CFD-4AF0-90D9-8F55833EE127}.Debug|Any CPU.ActiveCfg = Debug|Any CPU
		{B2F3B921-7CFD-4AF0-90D9-8F55833EE127}.Debug|Any CPU.Build.0 = Debug|Any CPU
		{B2F3B921-7CFD-4AF0-90D9-8F55833EE127}.Release|Any CPU.ActiveCfg = Release|Any CPU
		{B2F3B921-7CFD-4AF0-90D9-8F55833EE127}.Release|Any CPU.Build.0 = Release|Any CPU
	EndGlobalSection
	GlobalSection(SolutionProperties) = preSolution
		HideSolutionNode = FALSE
	EndGlobalSection
	GlobalSection(ExtensibilityGlobals) = postSolution
		SolutionGuid = {821A5A97-4500-4A0B-A0C7-729523A2FA7E}
	EndGlobalSection
EndGlobal
